
Microsoft Visual Studio Solution File, Format Version 12.00
# Visual Studio Version 17
VisualStudioVersion = 17.2.32616.157
MinimumVisualStudioVersion = 10.0.40219.1
Project("{FAE04EC0-301F-11D3-BF4B-00C04F79EFBC}") = "Auto Maintenance", "Auto Maintenance\Auto Maintenance.csproj", "{F62BCF6B-8536-4D0C-BE71-456DFA33BA5F}"
EndProject
Global
	GlobalSection(SolutionConfigurationPlatforms) = preSolution
		Debug|Any CPU = Debug|Any CPU
		Release|Any CPU = Release|Any CPU
	EndGlobalSection
	GlobalSection(ProjectConfigurationPlatforms) = postSolution
		{F62BCF6B-8536-4D0C-BE71-456DFA33BA5F}.Debug|Any CPU.ActiveCfg = Debug|Any CPU
		{F62BCF6B-8536-4D0C-BE71-456DFA33BA5F}.Debug|Any CPU.Build.0 = Debug|Any CPU
		{F62BCF6B-8536-4D0C-BE71-456DFA33BA5F}.Release|Any CPU.ActiveCfg = Release|Any CPU
		{F62BCF6B-8536-4D0C-BE71-456DFA33BA5F}.Release|Any CPU.Build.0 = Release|Any CPU
	EndGlobalSection
	GlobalSection(SolutionProperties) = preSolution
		HideSolutionNode = FALSE
	EndGlobalSection
	GlobalSection(ExtensibilityGlobals) = postSolution
		SolutionGuid = {95232EE3-4532-4FDC-B1B2-7BF9DF9E98C4}
	EndGlobalSection
EndGlobal
